
Microsoft Visual Studio Solution File, Format Version 12.00
# Visual Studio 2013
VisualStudioVersion = 12.0.30501.0
MinimumVisualStudioVersion = 10.0.40219.1
Project("{888888A0-9F3D-457C-B088-3A5042F75D52}") = "YoloSwag5Ever", "YoloSwag5Ever\YoloSwag5Ever.pyproj", "{F40A5E38-EDC0-419B-8F41-23265913E07F}"
EndProject
Global
	GlobalSection(SolutionConfigurationPlatforms) = preSolution
		Debug|Any CPU = Debug|Any CPU
		Release|Any CPU = Release|Any CPU
	EndGlobalSection
	GlobalSection(ProjectConfigurationPlatforms) = postSolution
		{F40A5E38-EDC0-419B-8F41-23265913E07F}.Debug|Any CPU.ActiveCfg = Debug|Any CPU
		{F40A5E38-EDC0-419B-8F41-23265913E07F}.Debug|Any CPU.Build.0 = Debug|Any CPU
		{F40A5E38-EDC0-419B-8F41-23265913E07F}.Release|Any CPU.ActiveCfg = Release|Any CPU
		{F40A5E38-EDC0-419B-8F41-23265913E07F}.Release|Any CPU.Build.0 = Release|Any CPU
	EndGlobalSection
	GlobalSection(SolutionProperties) = preSolution
		HideSolutionNode = FALSE
	EndGlobalSection
EndGlobal
